
Microsoft Visual Studio Solution File, Format Version 12.00
# Visual Studio Version 16
VisualStudioVersion = 16.0.31624.102
MinimumVisualStudioVersion = 10.0.40219.1
Project("{9A19103F-16F7-4668-BE54-9A1E7A4F7556}") = "CursoCSharp", "CursoCSharp\CursoCSharp.csproj", "{1EB1AD65-9BBC-43B0-822F-B4A210697AA5}"
EndProject
Project("{FAE04EC0-301F-11D3-BF4B-00C04F79EFBC}") = "CursoCSharpDois", "CursoCSharpDois\CursoCSharpDois.csproj", "{9BBFF3EA-0DA5-4EC1-B779-20A24EFDD564}"
EndProject
Global
	GlobalSection(SolutionConfigurationPlatforms) = preSolution
		Debug|Any CPU = Debug|Any CPU
		Release|Any CPU = Release|Any CPU
	EndGlobalSection
	GlobalSection(ProjectConfigurationPlatforms) = postSolution
		{1EB1AD65-9BBC-43B0-822F-B4A210697AA5}.Debug|Any CPU.ActiveCfg = Debug|Any CPU
		{1EB1AD65-9BBC-43B0-822F-B4A210697AA5}.Debug|Any CPU.Build.0 = Debug|Any CPU
		{1EB1AD65-9BBC-43B0-822F-B4A210697AA5}.Release|Any CPU.ActiveCfg = Release|Any CPU
		{1EB1AD65-9BBC-43B0-822F-B4A210697AA5}.Release|Any CPU.Build.0 = Release|Any CPU
		{9BBFF3EA-0DA5-4EC1-B779-20A24EFDD564}.Debug|Any CPU.ActiveCfg = Debug|Any CPU
		{9BBFF3EA-0DA5-4EC1-B779-20A24EFDD564}.Debug|Any CPU.Build.0 = Debug|Any CPU
		{9BBFF3EA-0DA5-4EC1-B779-20A24EFDD564}.Release|Any CPU.ActiveCfg = Release|Any CPU
		{9BBFF3EA-0DA5-4EC1-B779-20A24EFDD564}.Release|Any CPU.Build.0 = Release|Any CPU
	EndGlobalSection
	GlobalSection(SolutionProperties) = preSolution
		HideSolutionNode = FALSE
	EndGlobalSection
	GlobalSection(ExtensibilityGlobals) = postSolution
		SolutionGuid = {E2060B42-43E1-4F63-8ECF-869B4E9DAF6D}
	EndGlobalSection
EndGlobal
